
Microsoft Visual Studio Solution File, Format Version 12.00
# Visual Studio Version 17
VisualStudioVersion = 17.3.32825.248
MinimumVisualStudioVersion = 10.0.40219.1
Project("{8BC9CEB8-8B4A-11D0-8D11-00A0C91BC942}") = "dz13", "dz13\dz13.vcxproj", "{483E6E0F-2EE0-4F1A-A766-00E4C7740AEC}"
EndProject
Global
	GlobalSection(SolutionConfigurationPlatforms) = preSolution
		Debug|x64 = Debug|x64
		Debug|x86 = Debug|x86
		Release|x64 = Release|x64
		Release|x86 = Release|x86
	EndGlobalSection
	GlobalSection(ProjectConfigurationPlatforms) = postSolution
		{483E6E0F-2EE0-4F1A-A766-00E4C7740AEC}.Debug|x64.ActiveCfg = Debug|x64
		{483E6E0F-2EE0-4F1A-A766-00E4C7740AEC}.Debug|x64.Build.0 = Debug|x64
		{483E6E0F-2EE0-4F1A-A766-00E4C7740AEC}.Debug|x86.ActiveCfg = Debug|Win32
		{483E6E0F-2EE0-4F1A-A766-00E4C7740AEC}.Debug|x86.Build.0 = Debug|Win32
		{483E6E0F-2EE0-4F1A-A766-00E4C7740AEC}.Release|x64.ActiveCfg = Release|x64
		{483E6E0F-2EE0-4F1A-A766-00E4C7740AEC}.Release|x64.Build.0 = Release|x64
		{483E6E0F-2EE0-4F1A-A766-00E4C7740AEC}.Release|x86.ActiveCfg = Release|Win32
		{483E6E0F-2EE0-4F1A-A766-00E4C7740AEC}.Release|x86.Build.0 = Release|Win32
	EndGlobalSection
	GlobalSection(SolutionProperties) = preSolution
		HideSolutionNode = FALSE
	EndGlobalSection
	GlobalSection(ExtensibilityGlobals) = postSolution
		SolutionGuid = {9F1E01E0-6B3E-463B-973F-6346350E882D}
	EndGlobalSection
EndGlobal
